{
  "name": "Ruby_OOP_school_library",
  "lockfileVersion": 3,
  "requires": true,
  "packages": {
    "": {
      "dependencies": {
        "bundle": "^2.1.0",
        "ruby": "^0.6.1"
      }
    },
    "node_modules/bundle": {
      "version": "2.1.0",
      "resolved": "https://registry.npmjs.org/bundle/-/bundle-2.1.0.tgz",
      "integrity": "sha512-d7TeT8m2HuymDjSEmMppWe/h5SSPPUZkaWKrAofx6gNXDdZ3FL/81oOTGPG+LIaZbNr9m4rtUi98Yw0Q1vHIIw=="
    },
    "node_modules/lodash": {
      "version": "4.17.21",
      "resolved": "https://registry.npmjs.org/lodash/-/lodash-4.17.21.tgz",
      "integrity": "sha512-v2kDEe57lecTulaDIuNTPy3Ry4gLGJ6Z1O3vE1krgXZNrsQ+LFTGHVxVjcXPs17LhbZVGedAJv8XZ1tvj5FvSg=="
    },
    "node_modules/ruby": {
      "version": "0.6.1",
      "resolved": "https://registry.npmjs.org/ruby/-/ruby-0.6.1.tgz",
      "integrity": "sha512-TjMB+HyxathhcgvtQ3jkYWWjW3t9q+3VPLe0jpsm1x8tryXJ3626rO6gQ+0S12Oyac+Glp6KDuy1JBdKND+eSQ==",
      "dependencies": {
        "lodash": "^4.13.0"
      }
    }
  }
}
